
Microsoft Visual Studio Solution File, Format Version 12.00
# Visual Studio 15
VisualStudioVersion = 15.0.26228.52
MinimumVisualStudioVersion = 10.0.40219.1
Project("{8BC9CEB8-8B4A-11D0-8D11-00A0C91BC942}") = "exercise 1 to 5", "exercise 1 to 5\exercise 1 to 5.vcxproj", "{C0EB83C1-1F81-4B05-8C02-C45468A39E61}"
EndProject
Project("{8BC9CEB8-8B4A-11D0-8D11-00A0C91BC942}") = "Exercise 6", "Exercise 6\Exercise 6.vcxproj", "{C8C02D4F-1E60-4300-857F-BCE212B9F81A}"
EndProject
Project("{8BC9CEB8-8B4A-11D0-8D11-00A0C91BC942}") = "Exercise 7", "Exercise 7\Exercise 7.vcxproj", "{BF5E6CC7-DEF4-4D7F-92E9-16F6F83E6D76}"
EndProject
Project("{8BC9CEB8-8B4A-11D0-8D11-00A0C91BC942}") = "Exercise 8", "Exercise 8\Exercise 8.vcxproj", "{0AFFD374-B7E4-456C-90F4-8226CFEFF5C5}"
EndProject
Project("{8BC9CEB8-8B4A-11D0-8D11-00A0C91BC942}") = "Exercise 9", "Exercise 9\Exercise 9.vcxproj", "{ACF94ED6-FE7F-4CEE-B493-6076009150E5}"
EndProject
Project("{8BC9CEB8-8B4A-11D0-8D11-00A0C91BC942}") = "Week 3 Exercise 1", "Week 3 Exercise 1\Week 3 Exercise 1.vcxproj", "{2C18974A-0F89-4F70-9EC1-84CF4C2D7961}"
EndProject
Project("{8BC9CEB8-8B4A-11D0-8D11-00A0C91BC942}") = "Week 3 Exercise 2", "Week 3 Exercise 2\Week 3 Exercise 2.vcxproj", "{8FE3D1FD-7D59-41F6-93BD-FA7F5B792284}"
EndProject
Project("{8BC9CEB8-8B4A-11D0-8D11-00A0C91BC942}") = "Week 3 Exercise 4", "Week 3 Exercise 4\Week 3 Exercise 4.vcxproj", "{DBC85A7C-8449-4C76-98A5-F365A52729D2}"
EndProject
Project("{8BC9CEB8-8B4A-11D0-8D11-00A0C91BC942}") = "Week 3 Exercise 5", "Week 3 Exercise 5\Week 3 Exercise 5.vcxproj", "{954D06C0-82D6-4159-A05F-289C20491531}"
EndProject
Project("{8BC9CEB8-8B4A-11D0-8D11-00A0C91BC942}") = "Week 3 Exercise 6", "Week 3 Exercise 6\Week 3 Exercise 6.vcxproj", "{ECCCA737-611D-4569-8C30-BB925EE2AAB1}"
EndProject
Project("{8BC9CEB8-8B4A-11D0-8D11-00A0C91BC942}") = "week 4 Exercise 1", "week 4 Exercise 1\week 4 Exercise 1.vcxproj", "{9FEE7B48-34B8-4234-8C39-D4F7D8A271DC}"
EndProject
Project("{8BC9CEB8-8B4A-11D0-8D11-00A0C91BC942}") = "Week 4 Exercise 2", "Week 4 Exercise 2\Week 4 Exercise 2.vcxproj", "{4E7A056D-CC13-44D8-B3CA-7F5C81B95594}"
EndProject
Project("{8BC9CEB8-8B4A-11D0-8D11-00A0C91BC942}") = "Week 4 Exercise 6", "Week 4 Exercise 6\Week 4 Exercise 6.vcxproj", "{F5F05BF4-66DF-4BB8-AF9C-71DF3E405EE2}"
EndProject
Project("{8BC9CEB8-8B4A-11D0-8D11-00A0C91BC942}") = "Week 4 Exercise 7", "Week 4 Exercise 7\Week 4 Exercise 7.vcxproj", "{11CC0524-52AF-42B2-B616-40C3AD6406D8}"
EndProject
Project("{8BC9CEB8-8B4A-11D0-8D11-00A0C91BC942}") = "Week 5 Exercise 1", "Week 5 Exercise 1\Week 5 Exercise 1.vcxproj", "{8583C5EC-99AA-47A8-A126-93A2104B39E0}"
EndProject
Project("{8BC9CEB8-8B4A-11D0-8D11-00A0C91BC942}") = "Week 5 Exercise 2", "Week 5 Exercise 2\Week 5 Exercise 2.vcxproj", "{2E93FD52-300C-4E97-86DC-78D89ECCC067}"
EndProject
Project("{8BC9CEB8-8B4A-11D0-8D11-00A0C91BC942}") = "Week 5 Exercise 3", "Week 5 Exercise 3\Week 5 Exercise 3.vcxproj", "{8AD9FE17-3AD9-48DA-B6DF-7448FD6882E8}"
EndProject
Project("{8BC9CEB8-8B4A-11D0-8D11-00A0C91BC942}") = "Week 5 Exercise 4", "Week 5 Exercise 4\Week 5 Exercise 4.vcxproj", "{5C55578E-E6B4-49C6-9D28-F6EE71F68733}"
EndProject
Project("{8BC9CEB8-8B4A-11D0-8D11-00A0C91BC942}") = "Week 5 Exercise 5", "Week 5 Exercise 5\Week 5 Exercise 5.vcxproj", "{7DDE37F6-20E0-4BA2-B9ED-5B70787AF227}"
EndProject
Project("{8BC9CEB8-8B4A-11D0-8D11-00A0C91BC942}") = "Week 5 Exercise 6", "Week 5 Exercise 6\Week 5 Exercise 6.vcxproj", "{0E3FBDEA-C06B-470D-9D15-0C6FD9ADE462}"
EndProject
Project("{8BC9CEB8-8B4A-11D0-8D11-00A0C91BC942}") = "Week 6 Exercise 1", "Week 6 Exercise 1\Week 6 Exercise 1.vcxproj", "{CCD16750-0AD8-4056-8B4B-9D89D8EF1D7E}"
EndProject
Project("{8BC9CEB8-8B4A-11D0-8D11-00A0C91BC942}") = "Week 6 Exercise 2", "Week 6 Exercise 2\Week 6 Exercise 2.vcxproj", "{8393D7AB-860B-4E45-AF40-AEC344FF8C51}"
EndProject
Project("{8BC9CEB8-8B4A-11D0-8D11-00A0C91BC942}") = "Week 6 Exercise 3", "Week 6 Exercise 3\Week 6 Exercise 3.vcxproj", "{66D7488B-0940-40A9-A001-7AE8B9A3FDFF}"
EndProject
Project("{8BC9CEB8-8B4A-11D0-8D11-00A0C91BC942}") = "Week 6 Exercise 4", "Week 6 Exercise 4\Week 6 Exercise 4.vcxproj", "{F8858EBD-6107-4608-95C8-F915EAFCEA54}"
EndProject
Project("{8BC9CEB8-8B4A-11D0-8D11-00A0C91BC942}") = "Week 6 Exercise 5", "Week 6 Exercise 5\Week 6 Exercise 5.vcxproj", "{28FB2514-EF0B-4370-B044-FA58349BF57D}"
EndProject
Project("{8BC9CEB8-8B4A-11D0-8D11-00A0C91BC942}") = "Week 6 Exercise 6", "Week 6 Exercise 6\Week 6 Exercise 6.vcxproj", "{722F1ADC-84BA-45BE-A31B-A62B5B327AE6}"
EndProject
Project("{8BC9CEB8-8B4A-11D0-8D11-00A0C91BC942}") = "Week 6 Exercise 7", "Week 6 Exercise 7\Week 6 Exercise 7.vcxproj", "{AD57F947-D46C-4D5C-99CA-C337878727A0}"
EndProject
Project("{8BC9CEB8-8B4A-11D0-8D11-00A0C91BC942}") = "Week 6 Exercise 8", "Week 6 Exercise 8\Week 6 Exercise 8.vcxproj", "{10D3F8F3-663C-4CD7-898A-CAD790BFC5D1}"
EndProject
Project("{8BC9CEB8-8B4A-11D0-8D11-00A0C91BC942}") = "Week 6 Exercise 9", "Week 6 Exercise 9\Week 6 Exercise 9.vcxproj", "{DE566ED5-043E-490F-968C-1296EB37F293}"
EndProject
Project("{8BC9CEB8-8B4A-11D0-8D11-00A0C91BC942}") = "Week 6 Exercise 10", "Week 6 Exercise 10\Week 6 Exercise 10.vcxproj", "{799B9147-EF0B-408D-9B14-71543D94A0F9}"
EndProject
Project("{8BC9CEB8-8B4A-11D0-8D11-00A0C91BC942}") = "Week 8 Exercise 1", "Week 8 Exercise 1\Week 8 Exercise 1.vcxproj", "{3A4B53EF-C8F2-43C4-B300-C8B33E00CBBA}"
EndProject
Project("{8BC9CEB8-8B4A-11D0-8D11-00A0C91BC942}") = "Week 8 Exercise 2", "Week 8 Exercise 2\Week 8 Exercise 2.vcxproj", "{60805877-4A89-4626-AD71-D6E53A3B79A5}"
EndProject
Project("{8BC9CEB8-8B4A-11D0-8D11-00A0C91BC942}") = "Week 8 Exercise 3", "Week 8 Exercise 3\Week 8 Exercise 3.vcxproj", "{76640B0E-DE74-4281-B9CC-D9038FE6C3D2}"
EndProject
Project("{8BC9CEB8-8B4A-11D0-8D11-00A0C91BC942}") = "Week 8 Exercise 4", "Week 8 Exercise 4\Week 8 Exercise 4.vcxproj", "{59648A9C-578E-42CF-A939-337386793E5F}"
EndProject
Project("{8BC9CEB8-8B4A-11D0-8D11-00A0C91BC942}") = "Week 8 Exercise 5", "Week 8 Exercise 5\Week 8 Exercise 5.vcxproj", "{8E78D3CE-724D-473D-9C89-9FAE9950D44A}"
EndProject
Project("{8BC9CEB8-8B4A-11D0-8D11-00A0C91BC942}") = "Week 8 Exercise 6", "Week 8 Exercise 6\Week 8 Exercise 6.vcxproj", "{A797A17A-12E6-4B9D-AF7C-02A8FBCF9841}"
EndProject
Project("{8BC9CEB8-8B4A-11D0-8D11-00A0C91BC942}") = "Week 8 Exercise 7", "Week 8 Exercise 7\Week 8 Exercise 7.vcxproj", "{664187A3-4012-44F4-8A63-9D7FA069500E}"
EndProject
Project("{8BC9CEB8-8B4A-11D0-8D11-00A0C91BC942}") = "Week 8 Exercise 8", "Week 8 Exercise 8\Week 8 Exercise 8.vcxproj", "{696C1208-F346-468E-B887-E8BFEF37AC31}"
EndProject
Project("{8BC9CEB8-8B4A-11D0-8D11-00A0C91BC942}") = "Week 8 Exercise 9", "Week 8 Exercise 9\Week 8 Exercise 9.vcxproj", "{162922B8-49BA-4C1C-80C3-E4863755B7F3}"
EndProject
Project("{8BC9CEB8-8B4A-11D0-8D11-00A0C91BC942}") = "Week 8 Exercise 10", "Week 8 Exercise 10\Week 8 Exercise 10.vcxproj", "{6F1D7CB2-8DF6-4C0F-8A27-90FCE714E52D}"
EndProject
Project("{8BC9CEB8-8B4A-11D0-8D11-00A0C91BC942}") = "Week 8 Exercise 11", "Week 8 Exercise 11\Week 8 Exercise 11.vcxproj", "{013C1399-CCAC-47F3-947C-A99FFC46DAB8}"
EndProject
Project("{8BC9CEB8-8B4A-11D0-8D11-00A0C91BC942}") = "Week 8 Exercise 12", "Week 8 Exercise 12\Week 8 Exercise 12.vcxproj", "{A621A136-99E4-4F8D-A59B-BEED044F8266}"
EndProject
Project("{8BC9CEB8-8B4A-11D0-8D11-00A0C91BC942}") = "Week 11 Exercise 1", "Week 11 Exercise 1\Week 11 Exercise 1.vcxproj", "{8F438BF3-876A-4715-A5CA-DB7EF3052225}"
EndProject
Project("{8BC9CEB8-8B4A-11D0-8D11-00A0C91BC942}") = "Week 11 Exercise 2", "Week 11 Exercise 2\Week 11 Exercise 2.vcxproj", "{5EE850AD-6853-41D8-BAA0-DB7E16FC565D}"
EndProject
Project("{8BC9CEB8-8B4A-11D0-8D11-00A0C91BC942}") = "Week 11 Exercise 3", "Week 11 Exercise 3\Week 11 Exercise 3.vcxproj", "{B0B51934-1AA6-4567-BCAE-5BDA9F47A04A}"
EndProject
Global
	GlobalSection(SolutionConfigurationPlatforms) = preSolution
		Debug|x64 = Debug|x64
		Debug|x86 = Debug|x86
		Release|x64 = Release|x64
		Release|x86 = Release|x86
	EndGlobalSection
	GlobalSection(ProjectConfigurationPlatforms) = postSolution
		{C0EB83C1-1F81-4B05-8C02-C45468A39E61}.Debug|x64.ActiveCfg = Debug|x64
		{C0EB83C1-1F81-4B05-8C02-C45468A39E61}.Debug|x64.Build.0 = Debug|x64
		{C0EB83C1-1F81-4B05-8C02-C45468A39E61}.Debug|x86.ActiveCfg = Debug|Win32
		{C0EB83C1-1F81-4B05-8C02-C45468A39E61}.Debug|x86.Build.0 = Debug|Win32
		{C0EB83C1-1F81-4B05-8C02-C45468A39E61}.Release|x64.ActiveCfg = Release|x64
		{C0EB83C1-1F81-4B05-8C02-C45468A39E61}.Release|x64.Build.0 = Release|x64
		{C0EB83C1-1F81-4B05-8C02-C45468A39E61}.Release|x86.ActiveCfg = Release|Win32
		{C0EB83C1-1F81-4B05-8C02-C45468A39E61}.Release|x86.Build.0 = Release|Win32
		{C8C02D4F-1E60-4300-857F-BCE212B9F81A}.Debug|x64.ActiveCfg = Debug|x64
		{C8C02D4F-1E60-4300-857F-BCE212B9F81A}.Debug|x64.Build.0 = Debug|x64
		{C8C02D4F-1E60-4300-857F-BCE212B9F81A}.Debug|x86.ActiveCfg = Debug|Win32
		{C8C02D4F-1E60-4300-857F-BCE212B9F81A}.Debug|x86.Build.0 = Debug|Win32
		{C8C02D4F-1E60-4300-857F-BCE212B9F81A}.Release|x64.ActiveCfg = Release|x64
		{C8C02D4F-1E60-4300-857F-BCE212B9F81A}.Release|x64.Build.0 = Release|x64
		{C8C02D4F-1E60-4300-857F-BCE212B9F81A}.Release|x86.ActiveCfg = Release|Win32
		{C8C02D4F-1E60-4300-857F-BCE212B9F81A}.Release|x86.Build.0 = Release|Win32
		{BF5E6CC7-DEF4-4D7F-92E9-16F6F83E6D76}.Debug|x64.ActiveCfg = Debug|x64
		{BF5E6CC7-DEF4-4D7F-92E9-16F6F83E6D76}.Debug|x64.Build.0 = Debug|x64
		{BF5E6CC7-DEF4-4D7F-92E9-16F6F83E6D76}.Debug|x86.ActiveCfg = Debug|Win32
		{BF5E6CC7-DEF4-4D7F-92E9-16F6F83E6D76}.Debug|x86.Build.0 = Debug|Win32
		{BF5E6CC7-DEF4-4D7F-92E9-16F6F83E6D76}.Release|x64.ActiveCfg = Release|x64
		{BF5E6CC7-DEF4-4D7F-92E9-16F6F83E6D76}.Release|x64.Build.0 = Release|x64
		{BF5E6CC7-DEF4-4D7F-92E9-16F6F83E6D76}.Release|x86.ActiveCfg = Release|Win32
		{BF5E6CC7-DEF4-4D7F-92E9-16F6F83E6D76}.Release|x86.Build.0 = Release|Win32
		{0AFFD374-B7E4-456C-90F4-8226CFEFF5C5}.Debug|x64.ActiveCfg = Debug|x64
		{0AFFD374-B7E4-456C-90F4-8226CFEFF5C5}.Debug|x64.Build.0 = Debug|x64
		{0AFFD374-B7E4-456C-90F4-8226CFEFF5C5}.Debug|x86.ActiveCfg = Debug|Win32
		{0AFFD374-B7E4-456C-90F4-8226CFEFF5C5}.Debug|x86.Build.0 = Debug|Win32
		{0AFFD374-B7E4-456C-90F4-8226CFEFF5C5}.Release|x64.ActiveCfg = Release|x64
		{0AFFD374-B7E4-456C-90F4-8226CFEFF5C5}.Release|x64.Build.0 = Release|x64
		{0AFFD374-B7E4-456C-90F4-8226CFEFF5C5}.Release|x86.ActiveCfg = Release|Win32
		{0AFFD374-B7E4-456C-90F4-8226CFEFF5C5}.Release|x86.Build.0 = Release|Win32
		{ACF94ED6-FE7F-4CEE-B493-6076009150E5}.Debug|x64.ActiveCfg = Debug|x64
		{ACF94ED6-FE7F-4CEE-B493-6076009150E5}.Debug|x64.Build.0 = Debug|x64
		{ACF94ED6-FE7F-4CEE-B493-6076009150E5}.Debug|x86.ActiveCfg = Debug|Win32
		{ACF94ED6-FE7F-4CEE-B493-6076009150E5}.Debug|x86.Build.0 = Debug|Win32
		{ACF94ED6-FE7F-4CEE-B493-6076009150E5}.Release|x64.ActiveCfg = Release|x64
		{ACF94ED6-FE7F-4CEE-B493-6076009150E5}.Release|x64.Build.0 = Release|x64
		{ACF94ED6-FE7F-4CEE-B493-6076009150E5}.Release|x86.ActiveCfg = Release|Win32
		{ACF94ED6-FE7F-4CEE-B493-6076009150E5}.Release|x86.Build.0 = Release|Win32
		{2C18974A-0F89-4F70-9EC1-84CF4C2D7961}.Debug|x64.ActiveCfg = Debug|x64
		{2C18974A-0F89-4F70-9EC1-84CF4C2D7961}.Debug|x64.Build.0 = Debug|x64
		{2C18974A-0F89-4F70-9EC1-84CF4C2D7961}.Debug|x86.ActiveCfg = Debug|Win32
		{2C18974A-0F89-4F70-9EC1-84CF4C2D7961}.Debug|x86.Build.0 = Debug|Win32
		{2C18974A-0F89-4F70-9EC1-84CF4C2D7961}.Release|x64.ActiveCfg = Release|x64
		{2C18974A-0F89-4F70-9EC1-84CF4C2D7961}.Release|x64.Build.0 = Release|x64
		{2C18974A-0F89-4F70-9EC1-84CF4C2D7961}.Release|x86.ActiveCfg = Release|Win32
		{2C18974A-0F89-4F70-9EC1-84CF4C2D7961}.Release|x86.Build.0 = Release|Win32
		{8FE3D1FD-7D59-41F6-93BD-FA7F5B792284}.Debug|x64.ActiveCfg = Debug|x64
		{8FE3D1FD-7D59-41F6-93BD-FA7F5B792284}.Debug|x64.Build.0 = Debug|x64
		{8FE3D1FD-7D59-41F6-93BD-FA7F5B792284}.Debug|x86.ActiveCfg = Debug|Win32
		{8FE3D1FD-7D59-41F6-93BD-FA7F5B792284}.Debug|x86.Build.0 = Debug|Win32
		{8FE3D1FD-7D59-41F6-93BD-FA7F5B792284}.Release|x64.ActiveCfg = Release|x64
		{8FE3D1FD-7D59-41F6-93BD-FA7F5B792284}.Release|x64.Build.0 = Release|x64
		{8FE3D1FD-7D59-41F6-93BD-FA7F5B792284}.Release|x86.ActiveCfg = Release|Win32
		{8FE3D1FD-7D59-41F6-93BD-FA7F5B792284}.Release|x86.Build.0 = Release|Win32
		{DBC85A7C-8449-4C76-98A5-F365A52729D2}.Debug|x64.ActiveCfg = Debug|x64
		{DBC85A7C-8449-4C76-98A5-F365A52729D2}.Debug|x64.Build.0 = Debug|x64
		{DBC85A7C-8449-4C76-98A5-F365A52729D2}.Debug|x86.ActiveCfg = Debug|Win32
		{DBC85A7C-8449-4C76-98A5-F365A52729D2}.Debug|x86.Build.0 = Debug|Win32
		{DBC85A7C-8449-4C76-98A5-F365A52729D2}.Release|x64.ActiveCfg = Release|x64
		{DBC85A7C-8449-4C76-98A5-F365A52729D2}.Release|x64.Build.0 = Release|x64
		{DBC85A7C-8449-4C76-98A5-F365A52729D2}.Release|x86.ActiveCfg = Release|Win32
		{DBC85A7C-8449-4C76-98A5-F365A52729D2}.Release|x86.Build.0 = Release|Win32
		{954D06C0-82D6-4159-A05F-289C20491531}.Debug|x64.ActiveCfg = Debug|x64
		{954D06C0-82D6-4159-A05F-289C20491531}.Debug|x64.Build.0 = Debug|x64
		{954D06C0-82D6-4159-A05F-289C20491531}.Debug|x86.ActiveCfg = Debug|Win32
		{954D06C0-82D6-4159-A05F-289C20491531}.Debug|x86.Build.0 = Debug|Win32
		{954D06C0-82D6-4159-A05F-289C20491531}.Release|x64.ActiveCfg = Release|x64
		{954D06C0-82D6-4159-A05F-289C20491531}.Release|x64.Build.0 = Release|x64
		{954D06C0-82D6-4159-A05F-289C20491531}.Release|x86.ActiveCfg = Release|Win32
		{954D06C0-82D6-4159-A05F-289C20491531}.Release|x86.Build.0 = Release|Win32
		{ECCCA737-611D-4569-8C30-BB925EE2AAB1}.Debug|x64.ActiveCfg = Debug|x64
		{ECCCA737-611D-4569-8C30-BB925EE2AAB1}.Debug|x64.Build.0 = Debug|x64
		{ECCCA737-611D-4569-8C30-BB925EE2AAB1}.Debug|x86.ActiveCfg = Debug|Win32
		{ECCCA737-611D-4569-8C30-BB925EE2AAB1}.Debug|x86.Build.0 = Debug|Win32
		{ECCCA737-611D-4569-8C30-BB925EE2AAB1}.Release|x64.ActiveCfg = Release|x64
		{ECCCA737-611D-4569-8C30-BB925EE2AAB1}.Release|x64.Build.0 = Release|x64
		{ECCCA737-611D-4569-8C30-BB925EE2AAB1}.Release|x86.ActiveCfg = Release|Win32
		{ECCCA737-611D-4569-8C30-BB925EE2AAB1}.Release|x86.Build.0 = Release|Win32
		{9FEE7B48-34B8-4234-8C39-D4F7D8A271DC}.Debug|x64.ActiveCfg = Debug|x64
		{9FEE7B48-34B8-4234-8C39-D4F7D8A271DC}.Debug|x64.Build.0 = Debug|x64
		{9FEE7B48-34B8-4234-8C39-D4F7D8A271DC}.Debug|x86.ActiveCfg = Debug|Win32
		{9FEE7B48-34B8-4234-8C39-D4F7D8A271DC}.Debug|x86.Build.0 = Debug|Win32
		{9FEE7B48-34B8-4234-8C39-D4F7D8A271DC}.Release|x64.ActiveCfg = Release|x64
		{9FEE7B48-34B8-4234-8C39-D4F7D8A271DC}.Release|x64.Build.0 = Release|x64
		{9FEE7B48-34B8-4234-8C39-D4F7D8A271DC}.Release|x86.ActiveCfg = Release|Win32
		{9FEE7B48-34B8-4234-8C39-D4F7D8A271DC}.Release|x86.Build.0 = Release|Win32
		{4E7A056D-CC13-44D8-B3CA-7F5C81B95594}.Debug|x64.ActiveCfg = Debug|x64
		{4E7A056D-CC13-44D8-B3CA-7F5C81B95594}.Debug|x64.Build.0 = Debug|x64
		{4E7A056D-CC13-44D8-B3CA-7F5C81B95594}.Debug|x86.ActiveCfg = Debug|Win32
		{4E7A056D-CC13-44D8-B3CA-7F5C81B95594}.Debug|x86.Build.0 = Debug|Win32
		{4E7A056D-CC13-44D8-B3CA-7F5C81B95594}.Release|x64.ActiveCfg = Release|x64
		{4E7A056D-CC13-44D8-B3CA-7F5C81B95594}.Release|x64.Build.0 = Release|x64
		{4E7A056D-CC13-44D8-B3CA-7F5C81B95594}.Release|x86.ActiveCfg = Release|Win32
		{4E7A056D-CC13-44D8-B3CA-7F5C81B95594}.Release|x86.Build.0 = Release|Win32
		{F5F05BF4-66DF-4BB8-AF9C-71DF3E405EE2}.Debug|x64.ActiveCfg = Debug|x64
		{F5F05BF4-66DF-4BB8-AF9C-71DF3E405EE2}.Debug|x64.Build.0 = Debug|x64
		{F5F05BF4-66DF-4BB8-AF9C-71DF3E405EE2}.Debug|x86.ActiveCfg = Debug|Win32
		{F5F05BF4-66DF-4BB8-AF9C-71DF3E405EE2}.Debug|x86.Build.0 = Debug|Win32
		{F5F05BF4-66DF-4BB8-AF9C-71DF3E405EE2}.Release|x64.ActiveCfg = Release|x64
		{F5F05BF4-66DF-4BB8-AF9C-71DF3E405EE2}.Release|x64.Build.0 = Release|x64
		{F5F05BF4-66DF-4BB8-AF9C-71DF3E405EE2}.Release|x86.ActiveCfg = Release|Win32
		{F5F05BF4-66DF-4BB8-AF9C-71DF3E405EE2}.Release|x86.Build.0 = Release|Win32
		{11CC0524-52AF-42B2-B616-40C3AD6406D8}.Debug|x64.ActiveCfg = Debug|x64
		{11CC0524-52AF-42B2-B616-40C3AD6406D8}.Debug|x64.Build.0 = Debug|x64
		{11CC0524-52AF-42B2-B616-40C3AD6406D8}.Debug|x86.ActiveCfg = Debug|Win32
		{11CC0524-52AF-42B2-B616-40C3AD6406D8}.Debug|x86.Build.0 = Debug|Win32
		{11CC0524-52AF-42B2-B616-40C3AD6406D8}.Release|x64.ActiveCfg = Release|x64
		{11CC0524-52AF-42B2-B616-40C3AD6406D8}.Release|x64.Build.0 = Release|x64
		{11CC0524-52AF-42B2-B616-40C3AD6406D8}.Release|x86.ActiveCfg = Release|Win32
		{11CC0524-52AF-42B2-B616-40C3AD6406D8}.Release|x86.Build.0 = Release|Win32
		{8583C5EC-99AA-47A8-A126-93A2104B39E0}.Debug|x64.ActiveCfg = Debug|x64
		{8583C5EC-99AA-47A8-A126-93A2104B39E0}.Debug|x64.Build.0 = Debug|x64
		{8583C5EC-99AA-47A8-A126-93A2104B39E0}.Debug|x86.ActiveCfg = Debug|Win32
		{8583C5EC-99AA-47A8-A126-93A2104B39E0}.Debug|x86.Build.0 = Debug|Win32
		{8583C5EC-99AA-47A8-A126-93A2104B39E0}.Release|x64.ActiveCfg = Release|x64
		{8583C5EC-99AA-47A8-A126-93A2104B39E0}.Release|x64.Build.0 = Release|x64
		{8583C5EC-99AA-47A8-A126-93A2104B39E0}.Release|x86.ActiveCfg = Release|Win32
		{8583C5EC-99AA-47A8-A126-93A2104B39E0}.Release|x86.Build.0 = Release|Win32
		{2E93FD52-300C-4E97-86DC-78D89ECCC067}.Debug|x64.ActiveCfg = Debug|x64
		{2E93FD52-300C-4E97-86DC-78D89ECCC067}.Debug|x64.Build.0 = Debug|x64
		{2E93FD52-300C-4E97-86DC-78D89ECCC067}.Debug|x86.ActiveCfg = Debug|Win32
		{2E93FD52-300C-4E97-86DC-78D89ECCC067}.Debug|x86.Build.0 = Debug|Win32
		{2E93FD52-300C-4E97-86DC-78D89ECCC067}.Release|x64.ActiveCfg = Release|x64
		{2E93FD52-300C-4E97-86DC-78D89ECCC067}.Release|x64.Build.0 = Release|x64
		{2E93FD52-300C-4E97-86DC-78D89ECCC067}.Release|x86.ActiveCfg = Release|Win32
		{2E93FD52-300C-4E97-86DC-78D89ECCC067}.Release|x86.Build.0 = Release|Win32
		{8AD9FE17-3AD9-48DA-B6DF-7448FD6882E8}.Debug|x64.ActiveCfg = Debug|x64
		{8AD9FE17-3AD9-48DA-B6DF-7448FD6882E8}.Debug|x64.Build.0 = Debug|x64
		{8AD9FE17-3AD9-48DA-B6DF-7448FD6882E8}.Debug|x86.ActiveCfg = Debug|Win32
		{8AD9FE17-3AD9-48DA-B6DF-7448FD6882E8}.Debug|x86.Build.0 = Debug|Win32
		{8AD9FE17-3AD9-48DA-B6DF-7448FD6882E8}.Release|x64.ActiveCfg = Release|x64
		{8AD9FE17-3AD9-48DA-B6DF-7448FD6882E8}.Release|x64.Build.0 = Release|x64
		{8AD9FE17-3AD9-48DA-B6DF-7448FD6882E8}.Release|x86.ActiveCfg = Release|Win32
		{8AD9FE17-3AD9-48DA-B6DF-7448FD6882E8}.Release|x86.Build.0 = Release|Win32
		{5C55578E-E6B4-49C6-9D28-F6EE71F68733}.Debug|x64.ActiveCfg = Debug|x64
		{5C55578E-E6B4-49C6-9D28-F6EE71F68733}.Debug|x64.Build.0 = Debug|x64
		{5C55578E-E6B4-49C6-9D28-F6EE71F68733}.Debug|x86.ActiveCfg = Debug|Win32
		{5C55578E-E6B4-49C6-9D28-F6EE71F68733}.Debug|x86.Build.0 = Debug|Win32
		{5C55578E-E6B4-49C6-9D28-F6EE71F68733}.Release|x64.ActiveCfg = Release|x64
		{5C55578E-E6B4-49C6-9D28-F6EE71F68733}.Release|x64.Build.0 = Release|x64
		{5C55578E-E6B4-49C6-9D28-F6EE71F68733}.Release|x86.ActiveCfg = Release|Win32
		{5C55578E-E6B4-49C6-9D28-F6EE71F68733}.Release|x86.Build.0 = Release|Win32
		{7DDE37F6-20E0-4BA2-B9ED-5B70787AF227}.Debug|x64.ActiveCfg = Debug|x64
		{7DDE37F6-20E0-4BA2-B9ED-5B70787AF227}.Debug|x64.Build.0 = Debug|x64
		{7DDE37F6-20E0-4BA2-B9ED-5B70787AF227}.Debug|x86.ActiveCfg = Debug|Win32
		{7DDE37F6-20E0-4BA2-B9ED-5B70787AF227}.Debug|x86.Build.0 = Debug|Win32
		{7DDE37F6-20E0-4BA2-B9ED-5B70787AF227}.Release|x64.ActiveCfg = Release|x64
		{7DDE37F6-20E0-4BA2-B9ED-5B70787AF227}.Release|x64.Build.0 = Release|x64
		{7DDE37F6-20E0-4BA2-B9ED-5B70787AF227}.Release|x86.ActiveCfg = Release|Win32
		{7DDE37F6-20E0-4BA2-B9ED-5B70787AF227}.Release|x86.Build.0 = Release|Win32
		{0E3FBDEA-C06B-470D-9D15-0C6FD9ADE462}.Debug|x64.ActiveCfg = Debug|x64
		{0E3FBDEA-C06B-470D-9D15-0C6FD9ADE462}.Debug|x64.Build.0 = Debug|x64
		{0E3FBDEA-C06B-470D-9D15-0C6FD9ADE462}.Debug|x86.ActiveCfg = Debug|Win32
		{0E3FBDEA-C06B-470D-9D15-0C6FD9ADE462}.Debug|x86.Build.0 = Debug|Win32
		{0E3FBDEA-C06B-470D-9D15-0C6FD9ADE462}.Release|x64.ActiveCfg = Release|x64
		{0E3FBDEA-C06B-470D-9D15-0C6FD9ADE462}.Release|x64.Build.0 = Release|x64
		{0E3FBDEA-C06B-470D-9D15-0C6FD9ADE462}.Release|x86.ActiveCfg = Release|Win32
		{0E3FBDEA-C06B-470D-9D15-0C6FD9ADE462}.Release|x86.Build.0 = Release|Win32
		{CCD16750-0AD8-4056-8B4B-9D89D8EF1D7E}.Debug|x64.ActiveCfg = Debug|x64
		{CCD16750-0AD8-4056-8B4B-9D89D8EF1D7E}.Debug|x64.Build.0 = Debug|x64
		{CCD16750-0AD8-4056-8B4B-9D89D8EF1D7E}.Debug|x86.ActiveCfg = Debug|Win32
		{CCD16750-0AD8-4056-8B4B-9D89D8EF1D7E}.Debug|x86.Build.0 = Debug|Win32
		{CCD16750-0AD8-4056-8B4B-9D89D8EF1D7E}.Release|x64.ActiveCfg = Release|x64
		{CCD16750-0AD8-4056-8B4B-9D89D8EF1D7E}.Release|x64.Build.0 = Release|x64
		{CCD16750-0AD8-4056-8B4B-9D89D8EF1D7E}.Release|x86.ActiveCfg = Release|Win32
		{CCD16750-0AD8-4056-8B4B-9D89D8EF1D7E}.Release|x86.Build.0 = Release|Win32
		{8393D7AB-860B-4E45-AF40-AEC344FF8C51}.Debug|x64.ActiveCfg = Debug|x64
		{8393D7AB-860B-4E45-AF40-AEC344FF8C51}.Debug|x64.Build.0 = Debug|x64
		{8393D7AB-860B-4E45-AF40-AEC344FF8C51}.Debug|x86.ActiveCfg = Debug|Win32
		{8393D7AB-860B-4E45-AF40-AEC344FF8C51}.Debug|x86.Build.0 = Debug|Win32
		{8393D7AB-860B-4E45-AF40-AEC344FF8C51}.Release|x64.ActiveCfg = Release|x64
		{8393D7AB-860B-4E45-AF40-AEC344FF8C51}.Release|x64.Build.0 = Release|x64
		{8393D7AB-860B-4E45-AF40-AEC344FF8C51}.Release|x86.ActiveCfg = Release|Win32
		{8393D7AB-860B-4E45-AF40-AEC344FF8C51}.Release|x86.Build.0 = Release|Win32
		{66D7488B-0940-40A9-A001-7AE8B9A3FDFF}.Debug|x64.ActiveCfg = Debug|x64
		{66D7488B-0940-40A9-A001-7AE8B9A3FDFF}.Debug|x64.Build.0 = Debug|x64
		{66D7488B-0940-40A9-A001-7AE8B9A3FDFF}.Debug|x86.ActiveCfg = Debug|Win32
		{66D7488B-0940-40A9-A001-7AE8B9A3FDFF}.Debug|x86.Build.0 = Debug|Win32
		{66D7488B-0940-40A9-A001-7AE8B9A3FDFF}.Release|x64.ActiveCfg = Release|x64
		{66D7488B-0940-40A9-A001-7AE8B9A3FDFF}.Release|x64.Build.0 = Release|x64
		{66D7488B-0940-40A9-A001-7AE8B9A3FDFF}.Release|x86.ActiveCfg = Release|Win32
		{66D7488B-0940-40A9-A001-7AE8B9A3FDFF}.Release|x86.Build.0 = Release|Win32
		{F8858EBD-6107-4608-95C8-F915EAFCEA54}.Debug|x64.ActiveCfg = Debug|x64
		{F8858EBD-6107-4608-95C8-F915EAFCEA54}.Debug|x64.Build.0 = Debug|x64
		{F8858EBD-6107-4608-95C8-F915EAFCEA54}.Debug|x86.ActiveCfg = Debug|Win32
		{F8858EBD-6107-4608-95C8-F915EAFCEA54}.Debug|x86.Build.0 = Debug|Win32
		{F8858EBD-6107-4608-95C8-F915EAFCEA54}.Release|x64.ActiveCfg = Release|x64
		{F8858EBD-6107-4608-95C8-F915EAFCEA54}.Release|x64.Build.0 = Release|x64
		{F8858EBD-6107-4608-95C8-F915EAFCEA54}.Release|x86.ActiveCfg = Release|Win32
		{F8858EBD-6107-4608-95C8-F915EAFCEA54}.Release|x86.Build.0 = Release|Win32
		{28FB2514-EF0B-4370-B044-FA58349BF57D}.Debug|x64.ActiveCfg = Debug|x64
		{28FB2514-EF0B-4370-B044-FA58349BF57D}.Debug|x64.Build.0 = Debug|x64
		{28FB2514-EF0B-4370-B044-FA58349BF57D}.Debug|x86.ActiveCfg = Debug|Win32
		{28FB2514-EF0B-4370-B044-FA58349BF57D}.Debug|x86.Build.0 = Debug|Win32
		{28FB2514-EF0B-4370-B044-FA58349BF57D}.Release|x64.ActiveCfg = Release|x64
		{28FB2514-EF0B-4370-B044-FA58349BF57D}.Release|x64.Build.0 = Release|x64
		{28FB2514-EF0B-4370-B044-FA58349BF57D}.Release|x86.ActiveCfg = Release|Win32
		{28FB2514-EF0B-4370-B044-FA58349BF57D}.Release|x86.Build.0 = Release|Win32
		{722F1ADC-84BA-45BE-A31B-A62B5B327AE6}.Debug|x64.ActiveCfg = Debug|x64
		{722F1ADC-84BA-45BE-A31B-A62B5B327AE6}.Debug|x64.Build.0 = Debug|x64
		{722F1ADC-84BA-45BE-A31B-A62B5B327AE6}.Debug|x86.ActiveCfg = Debug|Win32
		{722F1ADC-84BA-45BE-A31B-A62B5B327AE6}.Debug|x86.Build.0 = Debug|Win32
		{722F1ADC-84BA-45BE-A31B-A62B5B327AE6}.Release|x64.ActiveCfg = Release|x64
		{722F1ADC-84BA-45BE-A31B-A62B5B327AE6}.Release|x64.Build.0 = Release|x64
		{722F1ADC-84BA-45BE-A31B-A62B5B327AE6}.Release|x86.ActiveCfg = Release|Win32
		{722F1ADC-84BA-45BE-A31B-A62B5B327AE6}.Release|x86.Build.0 = Release|Win32
		{AD57F947-D46C-4D5C-99CA-C337878727A0}.Debug|x64.ActiveCfg = Debug|x64
		{AD57F947-D46C-4D5C-99CA-C337878727A0}.Debug|x64.Build.0 = Debug|x64
		{AD57F947-D46C-4D5C-99CA-C337878727A0}.Debug|x86.ActiveCfg = Debug|Win32
		{AD57F947-D46C-4D5C-99CA-C337878727A0}.Debug|x86.Build.0 = Debug|Win32
		{AD57F947-D46C-4D5C-99CA-C337878727A0}.Release|x64.ActiveCfg = Release|x64
		{AD57F947-D46C-4D5C-99CA-C337878727A0}.Release|x64.Build.0 = Release|x64
		{AD57F947-D46C-4D5C-99CA-C337878727A0}.Release|x86.ActiveCfg = Release|Win32
		{AD57F947-D46C-4D5C-99CA-C337878727A0}.Release|x86.Build.0 = Release|Win32
		{10D3F8F3-663C-4CD7-898A-CAD790BFC5D1}.Debug|x64.ActiveCfg = Debug|x64
		{10D3F8F3-663C-4CD7-898A-CAD790BFC5D1}.Debug|x64.Build.0 = Debug|x64
		{10D3F8F3-663C-4CD7-898A-CAD790BFC5D1}.Debug|x86.ActiveCfg = Debug|Win32
		{10D3F8F3-663C-4CD7-898A-CAD790BFC5D1}.Debug|x86.Build.0 = Debug|Win32
		{10D3F8F3-663C-4CD7-898A-CAD790BFC5D1}.Release|x64.ActiveCfg = Release|x64
		{10D3F8F3-663C-4CD7-898A-CAD790BFC5D1}.Release|x64.Build.0 = Release|x64
		{10D3F8F3-663C-4CD7-898A-CAD790BFC5D1}.Release|x86.ActiveCfg = Release|Win32
		{10D3F8F3-663C-4CD7-898A-CAD790BFC5D1}.Release|x86.Build.0 = Release|Win32
		{DE566ED5-043E-490F-968C-1296EB37F293}.Debug|x64.ActiveCfg = Debug|x64
		{DE566ED5-043E-490F-968C-1296EB37F293}.Debug|x64.Build.0 = Debug|x64
		{DE566ED5-043E-490F-968C-1296EB37F293}.Debug|x86.ActiveCfg = Debug|Win32
		{DE566ED5-043E-490F-968C-1296EB37F293}.Debug|x86.Build.0 = Debug|Win32
		{DE566ED5-043E-490F-968C-1296EB37F293}.Release|x64.ActiveCfg = Release|x64
		{DE566ED5-043E-490F-968C-1296EB37F293}.Release|x64.Build.0 = Release|x64
		{DE566ED5-043E-490F-968C-1296EB37F293}.Release|x86.ActiveCfg = Release|Win32
		{DE566ED5-043E-490F-968C-1296EB37F293}.Release|x86.Build.0 = Release|Win32
		{799B9147-EF0B-408D-9B14-71543D94A0F9}.Debug|x64.ActiveCfg = Debug|x64
		{799B9147-EF0B-408D-9B14-71543D94A0F9}.Debug|x64.Build.0 = Debug|x64
		{799B9147-EF0B-408D-9B14-71543D94A0F9}.Debug|x86.ActiveCfg = Debug|Win32
		{799B9147-EF0B-408D-9B14-71543D94A0F9}.Debug|x86.Build.0 = Debug|Win32
		{799B9147-EF0B-408D-9B14-71543D94A0F9}.Release|x64.ActiveCfg = Release|x64
		{799B9147-EF0B-408D-9B14-71543D94A0F9}.Release|x64.Build.0 = Release|x64
		{799B9147-EF0B-408D-9B14-71543D94A0F9}.Release|x86.ActiveCfg = Release|Win32
		{799B9147-EF0B-408D-9B14-71543D94A0F9}.Release|x86.Build.0 = Release|Win32
		{3A4B53EF-C8F2-43C4-B300-C8B33E00CBBA}.Debug|x64.ActiveCfg = Debug|x64
		{3A4B53EF-C8F2-43C4-B300-C8B33E00CBBA}.Debug|x64.Build.0 = Debug|x64
		{3A4B53EF-C8F2-43C4-B300-C8B33E00CBBA}.Debug|x86.ActiveCfg = Debug|Win32
		{3A4B53EF-C8F2-43C4-B300-C8B33E00CBBA}.Debug|x86.Build.0 = Debug|Win32
		{3A4B53EF-C8F2-43C4-B300-C8B33E00CBBA}.Release|x64.ActiveCfg = Release|x64
		{3A4B53EF-C8F2-43C4-B300-C8B33E00CBBA}.Release|x64.Build.0 = Release|x64
		{3A4B53EF-C8F2-43C4-B300-C8B33E00CBBA}.Release|x86.ActiveCfg = Release|Win32
		{3A4B53EF-C8F2-43C4-B300-C8B33E00CBBA}.Release|x86.Build.0 = Release|Win32
		{60805877-4A89-4626-AD71-D6E53A3B79A5}.Debug|x64.ActiveCfg = Debug|x64
		{60805877-4A89-4626-AD71-D6E53A3B79A5}.Debug|x64.Build.0 = Debug|x64
		{60805877-4A89-4626-AD71-D6E53A3B79A5}.Debug|x86.ActiveCfg = Debug|Win32
		{60805877-4A89-4626-AD71-D6E53A3B79A5}.Debug|x86.Build.0 = Debug|Win32
		{60805877-4A89-4626-AD71-D6E53A3B79A5}.Release|x64.ActiveCfg = Release|x64
		{60805877-4A89-4626-AD71-D6E53A3B79A5}.Release|x64.Build.0 = Release|x64
		{60805877-4A89-4626-AD71-D6E53A3B79A5}.Release|x86.ActiveCfg = Release|Win32
		{60805877-4A89-4626-AD71-D6E53A3B79A5}.Release|x86.Build.0 = Release|Win32
		{76640B0E-DE74-4281-B9CC-D9038FE6C3D2}.Debug|x64.ActiveCfg = Debug|x64
		{76640B0E-DE74-4281-B9CC-D9038FE6C3D2}.Debug|x64.Build.0 = Debug|x64
		{76640B0E-DE74-4281-B9CC-D9038FE6C3D2}.Debug|x86.ActiveCfg = Debug|Win32
		{76640B0E-DE74-4281-B9CC-D9038FE6C3D2}.Debug|x86.Build.0 = Debug|Win32
		{76640B0E-DE74-4281-B9CC-D9038FE6C3D2}.Release|x64.ActiveCfg = Release|x64
		{76640B0E-DE74-4281-B9CC-D9038FE6C3D2}.Release|x64.Build.0 = Release|x64
		{76640B0E-DE74-4281-B9CC-D9038FE6C3D2}.Release|x86.ActiveCfg = Release|Win32
		{76640B0E-DE74-4281-B9CC-D9038FE6C3D2}.Release|x86.Build.0 = Release|Win32
		{59648A9C-578E-42CF-A939-337386793E5F}.Debug|x64.ActiveCfg = Debug|x64
		{59648A9C-578E-42CF-A939-337386793E5F}.Debug|x64.Build.0 = Debug|x64
		{59648A9C-578E-42CF-A939-337386793E5F}.Debug|x86.ActiveCfg = Debug|Win32
		{59648A9C-578E-42CF-A939-337386793E5F}.Debug|x86.Build.0 = Debug|Win32
		{59648A9C-578E-42CF-A939-337386793E5F}.Release|x64.ActiveCfg = Release|x64
		{59648A9C-578E-42CF-A939-337386793E5F}.Release|x64.Build.0 = Release|x64
		{59648A9C-578E-42CF-A939-337386793E5F}.Release|x86.ActiveCfg = Release|Win32
		{59648A9C-578E-42CF-A939-337386793E5F}.Release|x86.Build.0 = Release|Win32
		{8E78D3CE-724D-473D-9C89-9FAE9950D44A}.Debug|x64.ActiveCfg = Debug|x64
		{8E78D3CE-724D-473D-9C89-9FAE9950D44A}.Debug|x64.Build.0 = Debug|x64
		{8E78D3CE-724D-473D-9C89-9FAE9950D44A}.Debug|x86.ActiveCfg = Debug|Win32
		{8E78D3CE-724D-473D-9C89-9FAE9950D44A}.Debug|x86.Build.0 = Debug|Win32
		{8E78D3CE-724D-473D-9C89-9FAE9950D44A}.Release|x64.ActiveCfg = Release|x64
		{8E78D3CE-724D-473D-9C89-9FAE9950D44A}.Release|x64.Build.0 = Release|x64
		{8E78D3CE-724D-473D-9C89-9FAE9950D44A}.Release|x86.ActiveCfg = Release|Win32
		{8E78D3CE-724D-473D-9C89-9FAE9950D44A}.Release|x86.Build.0 = Release|Win32
		{A797A17A-12E6-4B9D-AF7C-02A8FBCF9841}.Debug|x64.ActiveCfg = Debug|x64
		{A797A17A-12E6-4B9D-AF7C-02A8FBCF9841}.Debug|x64.Build.0 = Debug|x64
		{A797A17A-12E6-4B9D-AF7C-02A8FBCF9841}.Debug|x86.ActiveCfg = Debug|Win32
		{A797A17A-12E6-4B9D-AF7C-02A8FBCF9841}.Debug|x86.Build.0 = Debug|Win32
		{A797A17A-12E6-4B9D-AF7C-02A8FBCF9841}.Release|x64.ActiveCfg = Release|x64
		{A797A17A-12E6-4B9D-AF7C-02A8FBCF9841}.Release|x64.Build.0 = Release|x64
		{A797A17A-12E6-4B9D-AF7C-02A8FBCF9841}.Release|x86.ActiveCfg = Release|Win32
		{A797A17A-12E6-4B9D-AF7C-02A8FBCF9841}.Release|x86.Build.0 = Release|Win32
		{664187A3-4012-44F4-8A63-9D7FA069500E}.Debug|x64.ActiveCfg = Debug|x64
		{664187A3-4012-44F4-8A63-9D7FA069500E}.Debug|x64.Build.0 = Debug|x64
		{664187A3-4012-44F4-8A63-9D7FA069500E}.Debug|x86.ActiveCfg = Debug|Win32
		{664187A3-4012-44F4-8A63-9D7FA069500E}.Debug|x86.Build.0 = Debug|Win32
		{664187A3-4012-44F4-8A63-9D7FA069500E}.Release|x64.ActiveCfg = Release|x64
		{664187A3-4012-44F4-8A63-9D7FA069500E}.Release|x64.Build.0 = Release|x64
		{664187A3-4012-44F4-8A63-9D7FA069500E}.Release|x86.ActiveCfg = Release|Win32
		{664187A3-4012-44F4-8A63-9D7FA069500E}.Release|x86.Build.0 = Release|Win32
		{696C1208-F346-468E-B887-E8BFEF37AC31}.Debug|x64.ActiveCfg = Debug|x64
		{696C1208-F346-468E-B887-E8BFEF37AC31}.Debug|x64.Build.0 = Debug|x64
		{696C1208-F346-468E-B887-E8BFEF37AC31}.Debug|x86.ActiveCfg = Debug|Win32
		{696C1208-F346-468E-B887-E8BFEF37AC31}.Debug|x86.Build.0 = Debug|Win32
		{696C1208-F346-468E-B887-E8BFEF37AC31}.Release|x64.ActiveCfg = Release|x64
		{696C1208-F346-468E-B887-E8BFEF37AC31}.Release|x64.Build.0 = Release|x64
		{696C1208-F346-468E-B887-E8BFEF37AC31}.Release|x86.ActiveCfg = Release|Win32
		{696C1208-F346-468E-B887-E8BFEF37AC31}.Release|x86.Build.0 = Release|Win32
		{162922B8-49BA-4C1C-80C3-E4863755B7F3}.Debug|x64.ActiveCfg = Debug|x64
		{162922B8-49BA-4C1C-80C3-E4863755B7F3}.Debug|x64.Build.0 = Debug|x64
		{162922B8-49BA-4C1C-80C3-E4863755B7F3}.Debug|x86.ActiveCfg = Debug|Win32
		{162922B8-49BA-4C1C-80C3-E4863755B7F3}.Debug|x86.Build.0 = Debug|Win32
		{162922B8-49BA-4C1C-80C3-E4863755B7F3}.Release|x64.ActiveCfg = Release|x64
		{162922B8-49BA-4C1C-80C3-E4863755B7F3}.Release|x64.Build.0 = Release|x64
		{162922B8-49BA-4C1C-80C3-E4863755B7F3}.Release|x86.ActiveCfg = Release|Win32
		{162922B8-49BA-4C1C-80C3-E4863755B7F3}.Release|x86.Build.0 = Release|Win32
		{6F1D7CB2-8DF6-4C0F-8A27-90FCE714E52D}.Debug|x64.ActiveCfg = Debug|x64
		{6F1D7CB2-8DF6-4C0F-8A27-90FCE714E52D}.Debug|x64.Build.0 = Debug|x64
		{6F1D7CB2-8DF6-4C0F-8A27-90FCE714E52D}.Debug|x86.ActiveCfg = Debug|Win32
		{6F1D7CB2-8DF6-4C0F-8A27-90FCE714E52D}.Debug|x86.Build.0 = Debug|Win32
		{6F1D7CB2-8DF6-4C0F-8A27-90FCE714E52D}.Release|x64.ActiveCfg = Release|x64
		{6F1D7CB2-8DF6-4C0F-8A27-90FCE714E52D}.Release|x64.Build.0 = Release|x64
		{6F1D7CB2-8DF6-4C0F-8A27-90FCE714E52D}.Release|x86.ActiveCfg = Release|Win32
		{6F1D7CB2-8DF6-4C0F-8A27-90FCE714E52D}.Release|x86.Build.0 = Release|Win32
		{013C1399-CCAC-47F3-947C-A99FFC46DAB8}.Debug|x64.ActiveCfg = Debug|x64
		{013C1399-CCAC-47F3-947C-A99FFC46DAB8}.Debug|x64.Build.0 = Debug|x64
		{013C1399-CCAC-47F3-947C-A99FFC46DAB8}.Debug|x86.ActiveCfg = Debug|Win32
		{013C1399-CCAC-47F3-947C-A99FFC46DAB8}.Debug|x86.Build.0 = Debug|Win32
		{013C1399-CCAC-47F3-947C-A99FFC46DAB8}.Release|x64.ActiveCfg = Release|x64
		{013C1399-CCAC-47F3-947C-A99FFC46DAB8}.Release|x64.Build.0 = Release|x64
		{013C1399-CCAC-47F3-947C-A99FFC46DAB8}.Release|x86.ActiveCfg = Release|Win32
		{013C1399-CCAC-47F3-947C-A99FFC46DAB8}.Release|x86.Build.0 = Release|Win32
		{A621A136-99E4-4F8D-A59B-BEED044F8266}.Debug|x64.ActiveCfg = Debug|x64
		{A621A136-99E4-4F8D-A59B-BEED044F8266}.Debug|x64.Build.0 = Debug|x64
		{A621A136-99E4-4F8D-A59B-BEED044F8266}.Debug|x86.ActiveCfg = Debug|Win32
		{A621A136-99E4-4F8D-A59B-BEED044F8266}.Debug|x86.Build.0 = Debug|Win32
		{A621A136-99E4-4F8D-A59B-BEED044F8266}.Release|x64.ActiveCfg = Release|x64
		{A621A136-99E4-4F8D-A59B-BEED044F8266}.Release|x64.Build.0 = Release|x64
		{A621A136-99E4-4F8D-A59B-BEED044F8266}.Release|x86.ActiveCfg = Release|Win32
		{A621A136-99E4-4F8D-A59B-BEED044F8266}.Release|x86.Build.0 = Release|Win32
		{8F438BF3-876A-4715-A5CA-DB7EF3052225}.Debug|x64.ActiveCfg = Debug|x64
		{8F438BF3-876A-4715-A5CA-DB7EF3052225}.Debug|x64.Build.0 = Debug|x64
		{8F438BF3-876A-4715-A5CA-DB7EF3052225}.Debug|x86.ActiveCfg = Debug|Win32
		{8F438BF3-876A-4715-A5CA-DB7EF3052225}.Debug|x86.Build.0 = Debug|Win32
		{8F438BF3-876A-4715-A5CA-DB7EF3052225}.Release|x64.ActiveCfg = Release|x64
		{8F438BF3-876A-4715-A5CA-DB7EF3052225}.Release|x64.Build.0 = Release|x64
		{8F438BF3-876A-4715-A5CA-DB7EF3052225}.Release|x86.ActiveCfg = Release|Win32
		{8F438BF3-876A-4715-A5CA-DB7EF3052225}.Release|x86.Build.0 = Release|Win32
		{5EE850AD-6853-41D8-BAA0-DB7E16FC565D}.Debug|x64.ActiveCfg = Debug|x64
		{5EE850AD-6853-41D8-BAA0-DB7E16FC565D}.Debug|x64.Build.0 = Debug|x64
		{5EE850AD-6853-41D8-BAA0-DB7E16FC565D}.Debug|x86.ActiveCfg = Debug|Win32
		{5EE850AD-6853-41D8-BAA0-DB7E16FC565D}.Debug|x86.Build.0 = Debug|Win32
		{5EE850AD-6853-41D8-BAA0-DB7E16FC565D}.Release|x64.ActiveCfg = Release|x64
		{5EE850AD-6853-41D8-BAA0-DB7E16FC565D}.Release|x64.Build.0 = Release|x64
		{5EE850AD-6853-41D8-BAA0-DB7E16FC565D}.Release|x86.ActiveCfg = Release|Win32
		{5EE850AD-6853-41D8-BAA0-DB7E16FC565D}.Release|x86.Build.0 = Release|Win32
		{B0B51934-1AA6-4567-BCAE-5BDA9F47A04A}.Debug|x64.ActiveCfg = Debug|x64
		{B0B51934-1AA6-4567-BCAE-5BDA9F47A04A}.Debug|x64.Build.0 = Debug|x64
		{B0B51934-1AA6-4567-BCAE-5BDA9F47A04A}.Debug|x86.ActiveCfg = Debug|Win32
		{B0B51934-1AA6-4567-BCAE-5BDA9F47A04A}.Debug|x86.Build.0 = Debug|Win32
		{B0B51934-1AA6-4567-BCAE-5BDA9F47A04A}.Release|x64.ActiveCfg = Release|x64
		{B0B51934-1AA6-4567-BCAE-5BDA9F47A04A}.Release|x64.Build.0 = Release|x64
		{B0B51934-1AA6-4567-BCAE-5BDA9F47A04A}.Release|x86.ActiveCfg = Release|Win32
		{B0B51934-1AA6-4567-BCAE-5BDA9F47A04A}.Release|x86.Build.0 = Release|Win32
	EndGlobalSection
	GlobalSection(SolutionProperties) = preSolution
		HideSolutionNode = FALSE
	EndGlobalSection
	GlobalSection(ExtensibilityGlobals) = postSolution
		SolutionGuid = {B8A94B13-C6A8-4052-B1E2-74003B5E9336}
	EndGlobalSection
EndGlobal
